
Microsoft Visual Studio Solution File, Format Version 12.00
# Visual Studio Version 16
VisualStudioVersion = 16.0.31624.102
MinimumVisualStudioVersion = 10.0.40219.1
Project("{FAE04EC0-301F-11D3-BF4B-00C04F79EFBC}") = "UserLoginTest", "UserLoginTest\UserLoginTest.csproj", "{4FD664B2-29B1-4AEB-B6D1-4CBF4A48F3A5}"
EndProject
Global
	GlobalSection(SolutionConfigurationPlatforms) = preSolution
		Debug|Any CPU = Debug|Any CPU
		Release|Any CPU = Release|Any CPU
	EndGlobalSection
	GlobalSection(ProjectConfigurationPlatforms) = postSolution
		{4FD664B2-29B1-4AEB-B6D1-4CBF4A48F3A5}.Debug|Any CPU.ActiveCfg = Debug|Any CPU
		{4FD664B2-29B1-4AEB-B6D1-4CBF4A48F3A5}.Debug|Any CPU.Build.0 = Debug|Any CPU
		{4FD664B2-29B1-4AEB-B6D1-4CBF4A48F3A5}.Release|Any CPU.ActiveCfg = Release|Any CPU
		{4FD664B2-29B1-4AEB-B6D1-4CBF4A48F3A5}.Release|Any CPU.Build.0 = Release|Any CPU
	EndGlobalSection
	GlobalSection(SolutionProperties) = preSolution
		HideSolutionNode = FALSE
	EndGlobalSection
	GlobalSection(ExtensibilityGlobals) = postSolution
		SolutionGuid = {90C621C6-80A6-4815-BAFF-E55D50BA66EF}
	EndGlobalSection
EndGlobal
